
Microsoft Visual Studio Solution File, Format Version 12.00
# Visual Studio Version 17
VisualStudioVersion = 17.13.35825.156 d17.13
MinimumVisualStudioVersion = 10.0.40219.1
Project("{FAE04EC0-301F-11D3-BF4B-00C04F79EFBC}") = "Ministack.Mesos", "Ministack.Mesos\Ministack.Mesos.csproj", "{AF681492-DBE7-4837-93B6-4739D83FA2DD}"
EndProject
Project("{FAE04EC0-301F-11D3-BF4B-00C04F79EFBC}") = "Ministack.Mesos.Abstractions", "Ministack.Mesos.Abstractions\Ministack.Mesos.Abstractions.csproj", "{72A1164D-C3F7-4AC9-B7AE-9990BA93E13E}"
EndProject
Project("{FAE04EC0-301F-11D3-BF4B-00C04F79EFBC}") = "Ministack.Mesos.Tests", "Ministack.Mesos.Tests\Ministack.Mesos.Tests.csproj", "{EA48E435-E29A-46C0-BD7D-53910E651522}"
EndProject
Global
	GlobalSection(SolutionConfigurationPlatforms) = preSolution
		Debug|Any CPU = Debug|Any CPU
		Release|Any CPU = Release|Any CPU
	EndGlobalSection
	GlobalSection(ProjectConfigurationPlatforms) = postSolution
		{AF681492-DBE7-4837-93B6-4739D83FA2DD}.Debug|Any CPU.ActiveCfg = Debug|Any CPU
		{AF681492-DBE7-4837-93B6-4739D83FA2DD}.Debug|Any CPU.Build.0 = Debug|Any CPU
		{AF681492-DBE7-4837-93B6-4739D83FA2DD}.Release|Any CPU.ActiveCfg = Release|Any CPU
		{AF681492-DBE7-4837-93B6-4739D83FA2DD}.Release|Any CPU.Build.0 = Release|Any CPU
		{72A1164D-C3F7-4AC9-B7AE-9990BA93E13E}.Debug|Any CPU.ActiveCfg = Debug|Any CPU
		{72A1164D-C3F7-4AC9-B7AE-9990BA93E13E}.Debug|Any CPU.Build.0 = Debug|Any CPU
		{72A1164D-C3F7-4AC9-B7AE-9990BA93E13E}.Release|Any CPU.ActiveCfg = Release|Any CPU
		{72A1164D-C3F7-4AC9-B7AE-9990BA93E13E}.Release|Any CPU.Build.0 = Release|Any CPU
		{EA48E435-E29A-46C0-BD7D-53910E651522}.Debug|Any CPU.ActiveCfg = Debug|Any CPU
		{EA48E435-E29A-46C0-BD7D-53910E651522}.Debug|Any CPU.Build.0 = Debug|Any CPU
		{EA48E435-E29A-46C0-BD7D-53910E651522}.Release|Any CPU.ActiveCfg = Release|Any CPU
		{EA48E435-E29A-46C0-BD7D-53910E651522}.Release|Any CPU.Build.0 = Release|Any CPU
	EndGlobalSection
	GlobalSection(SolutionProperties) = preSolution
		HideSolutionNode = FALSE
	EndGlobalSection
	GlobalSection(ExtensibilityGlobals) = postSolution
		SolutionGuid = {5C618880-D930-496A-994A-2E9600B19E2E}
	EndGlobalSection
EndGlobal
